
Microsoft Visual Studio Solution File, Format Version 10.00
# Visual Studio 2008
Project("{8BC9CEB8-8B4A-11D0-8D11-00A0C91BC942}") = "dvd", "dvd.vcproj", "{9FC94E1B-F135-43E1-AB9D-5D56B8BD3F66}"
	ProjectSection(ProjectDependencies) = postProject
		{115F0E05-BB93-46B1-93A8-BE1B2B4DED93} = {115F0E05-BB93-46B1-93A8-BE1B2B4DED93}
	EndProjectSection
EndProject
Project("{8BC9CEB8-8B4A-11D0-8D11-00A0C91BC942}") = "dvd_mod", "dvd_mod.vcproj", "{B4DE03D5-6195-4D50-A162-8CA9341A5445}"
	ProjectSection(ProjectDependencies) = postProject
		{115F0E05-BB93-46B1-93A8-BE1B2B4DED93} = {115F0E05-BB93-46B1-93A8-BE1B2B4DED93}
	EndProjectSection
EndProject
Project("{8BC9CEB8-8B4A-11D0-8D11-00A0C91BC942}") = "dvdcss", "dvdcss.vcproj", "{37D2DD79-B8A3-45F2-82AA-9DD5E1CB2221}"
EndProject
Project("{8BC9CEB8-8B4A-11D0-8D11-00A0C91BC942}") = "dvdnav", "dvdnav.vcproj", "{115F0E05-BB93-46B1-93A8-BE1B2B4DED93}"
	ProjectSection(ProjectDependencies) = postProject
		{37D2DD79-B8A3-45F2-82AA-9DD5E1CB2221} = {37D2DD79-B8A3-45F2-82AA-9DD5E1CB2221}
	EndProjectSection
EndProject
Project("{8BC9CEB8-8B4A-11D0-8D11-00A0C91BC942}") = "gui", "gui.vcproj", "{357B6DE6-0C68-42E7-B70A-4106CEF47D1A}"
EndProject
Project("{8BC9CEB8-8B4A-11D0-8D11-00A0C91BC942}") = "init", "init.vcproj", "{DDFB60D8-953D-440F-B6F1-7483A172E1F9}"
	ProjectSection(ProjectDependencies) = postProject
		{5140CBBF-B016-4381-A38E-C23055D328EC} = {5140CBBF-B016-4381-A38E-C23055D328EC}
		{357B6DE6-0C68-42E7-B70A-4106CEF47D1A} = {357B6DE6-0C68-42E7-B70A-4106CEF47D1A}
		{5F05E39D-9409-48F4-B739-9ADBE945F637} = {5F05E39D-9409-48F4-B739-9ADBE945F637}
		{3BE1FF59-65FA-4A91-996F-3579E44C7C5D} = {3BE1FF59-65FA-4A91-996F-3579E44C7C5D}
		{8D244847-BD35-4CC3-BBBA-C877E383E3CF} = {8D244847-BD35-4CC3-BBBA-C877E383E3CF}
	EndProjectSection
EndProject
Project("{8BC9CEB8-8B4A-11D0-8D11-00A0C91BC942}") = "libid3tag", "libid3tag.vcproj", "{3BE1FF59-65FA-4A91-996F-3579E44C7C5D}"
EndProject
Project("{8BC9CEB8-8B4A-11D0-8D11-00A0C91BC942}") = "libjpeg", "libjpeg.vcproj", "{5F05E39D-9409-48F4-B739-9ADBE945F637}"
EndProject
Project("{8BC9CEB8-8B4A-11D0-8D11-00A0C91BC942}") = "libmad", "libmad.vcproj", "{8D244847-BD35-4CC3-BBBA-C877E383E3CF}"
EndProject
Project("{8BC9CEB8-8B4A-11D0-8D11-00A0C91BC942}") = "libsp", "libsp.vcproj", "{5140CBBF-B016-4381-A38E-C23055D328EC}"
EndProject
Global
	GlobalSection(SolutionConfigurationPlatforms) = preSolution
		Debug|Win32 = Debug|Win32
		Release|Win32 = Release|Win32
	EndGlobalSection
	GlobalSection(ProjectConfigurationPlatforms) = postSolution
		{9FC94E1B-F135-43E1-AB9D-5D56B8BD3F66}.Debug|Win32.ActiveCfg = Debug|Win32
		{9FC94E1B-F135-43E1-AB9D-5D56B8BD3F66}.Debug|Win32.Build.0 = Debug|Win32
		{9FC94E1B-F135-43E1-AB9D-5D56B8BD3F66}.Release|Win32.ActiveCfg = Release|Win32
		{9FC94E1B-F135-43E1-AB9D-5D56B8BD3F66}.Release|Win32.Build.0 = Release|Win32
		{B4DE03D5-6195-4D50-A162-8CA9341A5445}.Debug|Win32.ActiveCfg = Debug|Win32
		{B4DE03D5-6195-4D50-A162-8CA9341A5445}.Debug|Win32.Build.0 = Debug|Win32
		{B4DE03D5-6195-4D50-A162-8CA9341A5445}.Release|Win32.ActiveCfg = Release|Win32
		{B4DE03D5-6195-4D50-A162-8CA9341A5445}.Release|Win32.Build.0 = Release|Win32
		{37D2DD79-B8A3-45F2-82AA-9DD5E1CB2221}.Debug|Win32.ActiveCfg = Debug|Win32
		{37D2DD79-B8A3-45F2-82AA-9DD5E1CB2221}.Debug|Win32.Build.0 = Debug|Win32
		{37D2DD79-B8A3-45F2-82AA-9DD5E1CB2221}.Release|Win32.ActiveCfg = Release|Win32
		{37D2DD79-B8A3-45F2-82AA-9DD5E1CB2221}.Release|Win32.Build.0 = Release|Win32
		{115F0E05-BB93-46B1-93A8-BE1B2B4DED93}.Debug|Win32.ActiveCfg = Debug|Win32
		{115F0E05-BB93-46B1-93A8-BE1B2B4DED93}.Debug|Win32.Build.0 = Debug|Win32
		{115F0E05-BB93-46B1-93A8-BE1B2B4DED93}.Release|Win32.ActiveCfg = Release|Win32
		{115F0E05-BB93-46B1-93A8-BE1B2B4DED93}.Release|Win32.Build.0 = Release|Win32
		{357B6DE6-0C68-42E7-B70A-4106CEF47D1A}.Debug|Win32.ActiveCfg = Debug|Win32
		{357B6DE6-0C68-42E7-B70A-4106CEF47D1A}.Debug|Win32.Build.0 = Debug|Win32
		{357B6DE6-0C68-42E7-B70A-4106CEF47D1A}.Release|Win32.ActiveCfg = Release|Win32
		{357B6DE6-0C68-42E7-B70A-4106CEF47D1A}.Release|Win32.Build.0 = Release|Win32
		{DDFB60D8-953D-440F-B6F1-7483A172E1F9}.Debug|Win32.ActiveCfg = Debug|Win32
		{DDFB60D8-953D-440F-B6F1-7483A172E1F9}.Debug|Win32.Build.0 = Debug|Win32
		{DDFB60D8-953D-440F-B6F1-7483A172E1F9}.Release|Win32.ActiveCfg = Release|Win32
		{DDFB60D8-953D-440F-B6F1-7483A172E1F9}.Release|Win32.Build.0 = Release|Win32
		{3BE1FF59-65FA-4A91-996F-3579E44C7C5D}.Debug|Win32.ActiveCfg = Debug|Win32
		{3BE1FF59-65FA-4A91-996F-3579E44C7C5D}.Debug|Win32.Build.0 = Debug|Win32
		{3BE1FF59-65FA-4A91-996F-3579E44C7C5D}.Release|Win32.ActiveCfg = Release|Win32
		{3BE1FF59-65FA-4A91-996F-3579E44C7C5D}.Release|Win32.Build.0 = Release|Win32
		{5F05E39D-9409-48F4-B739-9ADBE945F637}.Debug|Win32.ActiveCfg = Debug|Win32
		{5F05E39D-9409-48F4-B739-9ADBE945F637}.Debug|Win32.Build.0 = Debug|Win32
		{5F05E39D-9409-48F4-B739-9ADBE945F637}.Release|Win32.ActiveCfg = Release|Win32
		{5F05E39D-9409-48F4-B739-9ADBE945F637}.Release|Win32.Build.0 = Release|Win32
		{8D244847-BD35-4CC3-BBBA-C877E383E3CF}.Debug|Win32.ActiveCfg = Debug|Win32
		{8D244847-BD35-4CC3-BBBA-C877E383E3CF}.Debug|Win32.Build.0 = Debug|Win32
		{8D244847-BD35-4CC3-BBBA-C877E383E3CF}.Release|Win32.ActiveCfg = Release|Win32
		{8D244847-BD35-4CC3-BBBA-C877E383E3CF}.Release|Win32.Build.0 = Release|Win32
		{5140CBBF-B016-4381-A38E-C23055D328EC}.Debug|Win32.ActiveCfg = Debug|Win32
		{5140CBBF-B016-4381-A38E-C23055D328EC}.Debug|Win32.Build.0 = Debug|Win32
		{5140CBBF-B016-4381-A38E-C23055D328EC}.Release|Win32.ActiveCfg = Release|Win32
		{5140CBBF-B016-4381-A38E-C23055D328EC}.Release|Win32.Build.0 = Release|Win32
	EndGlobalSection
	GlobalSection(SolutionProperties) = preSolution
		HideSolutionNode = FALSE
	EndGlobalSection
EndGlobal
